
Microsoft Visual Studio Solution File, Format Version 12.00
# Visual Studio 2012
Project("{FAE04EC0-301F-11D3-BF4B-00C04F79EFBC}") = "LearnCSharp", "LearnCSharp\LearnCSharp.csproj", "{074C86F3-0388-42C5-8078-9AC9142EB0D9}"
EndProject
Project("{FAE04EC0-301F-11D3-BF4B-00C04F79EFBC}") = "Hannoi", "Hannoi\Hannoi.csproj", "{9AE0AF32-2AFC-4180-AEB6-08E60FC84946}"
EndProject
Project("{FAE04EC0-301F-11D3-BF4B-00C04F79EFBC}") = "MyQueue", "MyQueue\MyQueue.csproj", "{2D5611FD-B199-4FF8-B383-6B68F66B43C1}"
EndProject
Project("{FAE04EC0-301F-11D3-BF4B-00C04F79EFBC}") = "SortAStackAscending", "SortAStackAscending\SortAStackAscending.csproj", "{36F0ECA0-DA2F-41C7-84EF-624EB18CA9CA}"
EndProject
Project("{FAE04EC0-301F-11D3-BF4B-00C04F79EFBC}") = "CheckTreeBalance", "CheckTreeBalance\CheckTreeBalance.csproj", "{4A758406-C38C-4F5B-BBFE-A2AEEC4929E6}"
EndProject
Project("{FAE04EC0-301F-11D3-BF4B-00C04F79EFBC}") = "CreateBST", "CreateBST\CreateBST.csproj", "{505365AB-F455-41AF-87F0-54F246CA68FD}"
EndProject
Project("{FAE04EC0-301F-11D3-BF4B-00C04F79EFBC}") = "TreeToLists", "TreeToLists\TreeToLists.csproj", "{D6CA7B7B-077B-48BF-BBB5-7D127FB6B87C}"
EndProject
Project("{FAE04EC0-301F-11D3-BF4B-00C04F79EFBC}") = "IsBST", "IsBST\IsBST.csproj", "{EE127346-4CE2-403B-9598-0594FE86CA48}"
EndProject
Project("{FAE04EC0-301F-11D3-BF4B-00C04F79EFBC}") = "FindNextNodeInTree", "FindNextNodeInTree.cs\FindNextNodeInTree.csproj", "{45159787-B675-4ECD-B075-48A4FC2F218B}"
EndProject
Project("{FAE04EC0-301F-11D3-BF4B-00C04F79EFBC}") = "CommonAncestor", "CommonAncestor\CommonAncestor.csproj", "{1F68B1CA-E1BF-411D-97BB-773B328EEC8F}"
EndProject
Global
	GlobalSection(SolutionConfigurationPlatforms) = preSolution
		Debug|Any CPU = Debug|Any CPU
		Release|Any CPU = Release|Any CPU
	EndGlobalSection
	GlobalSection(ProjectConfigurationPlatforms) = postSolution
		{074C86F3-0388-42C5-8078-9AC9142EB0D9}.Debug|Any CPU.ActiveCfg = Debug|Any CPU
		{074C86F3-0388-42C5-8078-9AC9142EB0D9}.Debug|Any CPU.Build.0 = Debug|Any CPU
		{074C86F3-0388-42C5-8078-9AC9142EB0D9}.Release|Any CPU.ActiveCfg = Release|Any CPU
		{074C86F3-0388-42C5-8078-9AC9142EB0D9}.Release|Any CPU.Build.0 = Release|Any CPU
		{9AE0AF32-2AFC-4180-AEB6-08E60FC84946}.Debug|Any CPU.ActiveCfg = Debug|Any CPU
		{9AE0AF32-2AFC-4180-AEB6-08E60FC84946}.Debug|Any CPU.Build.0 = Debug|Any CPU
		{9AE0AF32-2AFC-4180-AEB6-08E60FC84946}.Release|Any CPU.ActiveCfg = Release|Any CPU
		{9AE0AF32-2AFC-4180-AEB6-08E60FC84946}.Release|Any CPU.Build.0 = Release|Any CPU
		{2D5611FD-B199-4FF8-B383-6B68F66B43C1}.Debug|Any CPU.ActiveCfg = Debug|Any CPU
		{2D5611FD-B199-4FF8-B383-6B68F66B43C1}.Debug|Any CPU.Build.0 = Debug|Any CPU
		{2D5611FD-B199-4FF8-B383-6B68F66B43C1}.Release|Any CPU.ActiveCfg = Release|Any CPU
		{2D5611FD-B199-4FF8-B383-6B68F66B43C1}.Release|Any CPU.Build.0 = Release|Any CPU
		{36F0ECA0-DA2F-41C7-84EF-624EB18CA9CA}.Debug|Any CPU.ActiveCfg = Debug|Any CPU
		{36F0ECA0-DA2F-41C7-84EF-624EB18CA9CA}.Debug|Any CPU.Build.0 = Debug|Any CPU
		{36F0ECA0-DA2F-41C7-84EF-624EB18CA9CA}.Release|Any CPU.ActiveCfg = Release|Any CPU
		{36F0ECA0-DA2F-41C7-84EF-624EB18CA9CA}.Release|Any CPU.Build.0 = Release|Any CPU
		{4A758406-C38C-4F5B-BBFE-A2AEEC4929E6}.Debug|Any CPU.ActiveCfg = Debug|Any CPU
		{4A758406-C38C-4F5B-BBFE-A2AEEC4929E6}.Debug|Any CPU.Build.0 = Debug|Any CPU
		{4A758406-C38C-4F5B-BBFE-A2AEEC4929E6}.Release|Any CPU.ActiveCfg = Release|Any CPU
		{4A758406-C38C-4F5B-BBFE-A2AEEC4929E6}.Release|Any CPU.Build.0 = Release|Any CPU
		{505365AB-F455-41AF-87F0-54F246CA68FD}.Debug|Any CPU.ActiveCfg = Debug|Any CPU
		{505365AB-F455-41AF-87F0-54F246CA68FD}.Debug|Any CPU.Build.0 = Debug|Any CPU
		{505365AB-F455-41AF-87F0-54F246CA68FD}.Release|Any CPU.ActiveCfg = Release|Any CPU
		{505365AB-F455-41AF-87F0-54F246CA68FD}.Release|Any CPU.Build.0 = Release|Any CPU
		{D6CA7B7B-077B-48BF-BBB5-7D127FB6B87C}.Debug|Any CPU.ActiveCfg = Debug|Any CPU
		{D6CA7B7B-077B-48BF-BBB5-7D127FB6B87C}.Debug|Any CPU.Build.0 = Debug|Any CPU
		{D6CA7B7B-077B-48BF-BBB5-7D127FB6B87C}.Release|Any CPU.ActiveCfg = Release|Any CPU
		{D6CA7B7B-077B-48BF-BBB5-7D127FB6B87C}.Release|Any CPU.Build.0 = Release|Any CPU
		{EE127346-4CE2-403B-9598-0594FE86CA48}.Debug|Any CPU.ActiveCfg = Debug|Any CPU
		{EE127346-4CE2-403B-9598-0594FE86CA48}.Debug|Any CPU.Build.0 = Debug|Any CPU
		{EE127346-4CE2-403B-9598-0594FE86CA48}.Release|Any CPU.ActiveCfg = Release|Any CPU
		{EE127346-4CE2-403B-9598-0594FE86CA48}.Release|Any CPU.Build.0 = Release|Any CPU
		{45159787-B675-4ECD-B075-48A4FC2F218B}.Debug|Any CPU.ActiveCfg = Debug|Any CPU
		{45159787-B675-4ECD-B075-48A4FC2F218B}.Debug|Any CPU.Build.0 = Debug|Any CPU
		{45159787-B675-4ECD-B075-48A4FC2F218B}.Release|Any CPU.ActiveCfg = Release|Any CPU
		{45159787-B675-4ECD-B075-48A4FC2F218B}.Release|Any CPU.Build.0 = Release|Any CPU
		{1F68B1CA-E1BF-411D-97BB-773B328EEC8F}.Debug|Any CPU.ActiveCfg = Debug|Any CPU
		{1F68B1CA-E1BF-411D-97BB-773B328EEC8F}.Debug|Any CPU.Build.0 = Debug|Any CPU
		{1F68B1CA-E1BF-411D-97BB-773B328EEC8F}.Release|Any CPU.ActiveCfg = Release|Any CPU
		{1F68B1CA-E1BF-411D-97BB-773B328EEC8F}.Release|Any CPU.Build.0 = Release|Any CPU
	EndGlobalSection
	GlobalSection(SolutionProperties) = preSolution
		HideSolutionNode = FALSE
	EndGlobalSection
EndGlobal
